// !$*UTF8*$!
{
	archiveVersion = 1;
	classes = {
	};
	objectVersion = 48;
	objects = {

/* Begin PBXBuildFile section */
		D2896F731F74CE2D008908E4 /* AppDelegate.swift in Sources */ = {isa = PBXBuildFile; fileRef = D2896F721F74CE2D008908E4 /* AppDelegate.swift */; };
		D2896F751F74CE2D008908E4 /* ViewController.swift in Sources */ = {isa = PBXBuildFile; fileRef = D2896F741F74CE2D008908E4 /* ViewController.swift */; };
		D2896F781F74CE2D008908E4 /* Main.storyboard in Resources */ = {isa = PBXBuildFile; fileRef = D2896F761F74CE2D008908E4 /* Main.storyboard */; };
		D2896F7A1F74CE2D008908E4 /* Assets.xcassets in Resources */ = {isa = PBXBuildFile; fileRef = D2896F791F74CE2D008908E4 /* Assets.xcassets */; };
		D2896F7D1F74CE2D008908E4 /* LaunchScreen.storyboard in Resources */ = {isa = PBXBuildFile; fileRef = D2896F7B1F74CE2D008908E4 /* LaunchScreen.storyboard */; };
		D2896F881F74CE2D008908E4 /* bitSpenderTests.swift in Sources */ = {isa = PBXBuildFile; fileRef = D2896F871F74CE2D008908E4 /* bitSpenderTests.swift */; };
		D2896F931F74CE2D008908E4 /* bitSpenderUITests.swift in Sources */ = {isa = PBXBuildFile; fileRef = D2896F921F74CE2D008908E4 /* bitSpenderUITests.swift */; };
		D2896FA31F74D00F008908E4 /* Resources in Resources */ = {isa = PBXBuildFile; fileRef = D2896FA21F74D00E008908E4 /* Resources */; };
/* End PBXBuildFile section */

/* Begin PBXContainerItemProxy section */
		D2896F841F74CE2D008908E4 /* PBXContainerItemProxy */ = {
			isa = PBXContainerItemProxy;
			containerPortal = D2896F671F74CE2D008908E4 /* Project object */;
			proxyType = 1;
			remoteGlobalIDString = D2896F6E1F74CE2D008908E4;
			remoteInfo = bitSpender;
		};
		D2896F8F1F74CE2D008908E4 /* PBXContainerItemProxy */ = {
			isa = PBXContainerItemProxy;
			containerPortal = D2896F671F74CE2D008908E4 /* Project object */;
			proxyType = 1;
			remoteGlobalIDString = D2896F6E1F74CE2D008908E4;
			remoteInfo = bitSpender;
		};
/* End PBXContainerItemProxy section */

/* Begin PBXFileReference section */
		D2896F6F1F74CE2D008908E4 /* bitSpender.app */ = {isa = PBXFileReference; explicitFileType = wrapper.application; includeInIndex = 0; path = bitSpender.app; sourceTree = BUILT_PRODUCTS_DIR; };
		D2896F721F74CE2D008908E4 /* AppDelegate.swift */ = {isa = PBXFileReference; lastKnownFileType = sourcecode.swift; path = AppDelegate.swift; sourceTree = "<group>"; };
		D2896F741F74CE2D008908E4 /* ViewController.swift */ = {isa = PBXFileReference; lastKnownFileType = sourcecode.swift; path = ViewController.swift; sourceTree = "<group>"; };
		D2896F771F74CE2D008908E4 /* Base */ = {isa = PBXFileReference; lastKnownFileType = file.storyboard; name = Base; path = Base.lproj/Main.storyboard; sourceTree = "<group>"; };
		D2896F791F74CE2D008908E4 /* Assets.xcassets */ = {isa = PBXFileReference; lastKnownFileType = folder.assetcatalog; path = Assets.xcassets; sourceTree = "<group>"; };
		D2896F7C1F74CE2D008908E4 /* Base */ = {isa = PBXFileReference; lastKnownFileType = file.storyboard; name = Base; path = Base.lproj/LaunchScreen.storyboard; sourceTree = "<group>"; };
		D2896F7E1F74CE2D008908E4 /* Info.plist */ = {isa = PBXFileReference; lastKnownFileType = text.plist.xml; path = Info.plist; sourceTree = "<group>"; };
		D2896F831F74CE2D008908E4 /* bitSpenderTests.xctest */ = {isa = PBXFileReference; explicitFileType = wrapper.cfbundle; includeInIndex = 0; path = bitSpenderTests.xctest; sourceTree = BUILT_PRODUCTS_DIR; };
		D2896F871F74CE2D008908E4 /* bitSpenderTests.swift */ = {isa = PBXFileReference; lastKnownFileType = sourcecode.swift; path = bitSpenderTests.swift; sourceTree = "<group>"; };
		D2896F891F74CE2D008908E4 /* Info.plist */ = {isa = PBXFileReference; lastKnownFileType = text.plist.xml; path = Info.plist; sourceTree = "<group>"; };
		D2896F8E1F74CE2D008908E4 /* bitSpenderUITests.xctest */ = {isa = PBXFileReference; explicitFileType = wrapper.cfbundle; includeInIndex = 0; path = bitSpenderUITests.xctest; sourceTree = BUILT_PRODUCTS_DIR; };
		D2896F921F74CE2D008908E4 /* bitSpenderUITests.swift */ = {isa = PBXFileReference; lastKnownFileType = sourcecode.swift; path = bitSpenderUITests.swift; sourceTree = "<group>"; };
		D2896F941F74CE2D008908E4 /* Info.plist */ = {isa = PBXFileReference; lastKnownFileType = text.plist.xml; path = Info.plist; sourceTree = "<group>"; };
		D2896FA21F74D00E008908E4 /* Resources */ = {isa = PBXFileReference; lastKnownFileType = folder; path = Resources; sourceTree = "<group>"; };
/* End PBXFileReference section */

/* Begin PBXFrameworksBuildPhase section */
		D2896F6C1F74CE2D008908E4 /* Frameworks */ = {
			isa = PBXFrameworksBuildPhase;
			buildActionMask = 2147483647;
			files = (
			);
			runOnlyForDeploymentPostprocessing = 0;
		};
		D2896F801F74CE2D008908E4 /* Frameworks */ = {
			isa = PBXFrameworksBuildPhase;
			buildActionMask = 2147483647;
			files = (
			);
			runOnlyForDeploymentPostprocessing = 0;
		};
		D2896F8B1F74CE2D008908E4 /* Frameworks */ = {
			isa = PBXFrameworksBuildPhase;
			buildActionMask = 2147483647;
			files = (
			);
			runOnlyForDeploymentPostprocessing = 0;
		};
/* End PBXFrameworksBuildPhase section */

/* Begin PBXGroup section */
		D2896F661F74CE2D008908E4 = {
			isa = PBXGroup;
			children = (
				D2896F711F74CE2D008908E4 /* bitSpender */,
				D2896F861F74CE2D008908E4 /* bitSpenderTests */,
				D2896F911F74CE2D008908E4 /* bitSpenderUITests */,
				D2896F701F74CE2D008908E4 /* Products */,
			);
			sourceTree = "<group>";
		};
		D2896F701F74CE2D008908E4 /* Products */ = {
			isa = PBXGroup;
			children = (
				D2896F6F1F74CE2D008908E4 /* bitSpender.app */,
				D2896F831F74CE2D008908E4 /* bitSpenderTests.xctest */,
				D2896F8E1F74CE2D008908E4 /* bitSpenderUITests.xctest */,
			);
			name = Products;
			sourceTree = "<group>";
		};
		D2896F711F74CE2D008908E4 /* bitSpender */ = {
			isa = PBXGroup;
			children = (
				D2896F721F74CE2D008908E4 /* AppDelegate.swift */,
				D2896F741F74CE2D008908E4 /* ViewController.swift */,
				D2896F761F74CE2D008908E4 /* Main.storyboard */,
				D2896F791F74CE2D008908E4 /* Assets.xcassets */,
				D2896F7B1F74CE2D008908E4 /* LaunchScreen.storyboard */,
				D2896F7E1F74CE2D008908E4 /* Info.plist */,
				D2896FA21F74D00E008908E4 /* Resources */,
			);
			path = bitSpender;
			sourceTree = "<group>";
		};
		D2896F861F74CE2D008908E4 /* bitSpenderTests */ = {
			isa = PBXGroup;
			children = (
				D2896F871F74CE2D008908E4 /* bitSpenderTests.swift */,
				D2896F891F74CE2D008908E4 /* Info.plist */,
			);
			path = bitSpenderTests;
			sourceTree = "<group>";
		};
		D2896F911F74CE2D008908E4 /* bitSpenderUITests */ = {
			isa = PBXGroup;
			children = (
				D2896F921F74CE2D008908E4 /* bitSpenderUITests.swift */,
				D2896F941F74CE2D008908E4 /* Info.plist */,
			);
			path = bitSpenderUITests;
			sourceTree = "<group>";
		};
/* End PBXGroup section */

/* Begin PBXNativeTarget section */
		D2896F6E1F74CE2D008908E4 /* bitSpender */ = {
			isa = PBXNativeTarget;
			buildConfigurationList = D2896F971F74CE2D008908E4 /* Build configuration list for PBXNativeTarget "bitSpender" */;
			buildPhases = (
				D2896F6B1F74CE2D008908E4 /* Sources */,
				D2896F6C1F74CE2D008908E4 /* Frameworks */,
				D2896F6D1F74CE2D008908E4 /* Resources */,
			);
			buildRules = (
			);
			dependencies = (
			);
			name = bitSpender;
			productName = bitSpender;
			productReference = D2896F6F1F74CE2D008908E4 /* bitSpender.app */;
			productType = "com.apple.product-type.application";
		};
		D2896F821F74CE2D008908E4 /* bitSpenderTests */ = {
			isa = PBXNativeTarget;
			buildConfigurationList = D2896F9A1F74CE2D008908E4 /* Build configuration list for PBXNativeTarget "bitSpenderTests" */;
			buildPhases = (
				D2896F7F1F74CE2D008908E4 /* Sources */,
				D2896F801F74CE2D008908E4 /* Frameworks */,
				D2896F811F74CE2D008908E4 /* Resources */,
			);
			buildRules = (
			);
			dependencies = (
				D2896F851F74CE2D008908E4 /* PBXTargetDependency */,
			);
			name = bitSpenderTests;
			productName = bitSpenderTests;
			productReference = D2896F831F74CE2D008908E4 /* bitSpenderTests.xctest */;
			productType = "com.apple.product-type.bundle.unit-test";
		};
		D2896F8D1F74CE2D008908E4 /* bitSpenderUITests */ = {
			isa = PBXNativeTarget;
			buildConfigurationList = D2896F9D1F74CE2D008908E4 /* Build configuration list for PBXNativeTarget "bitSpenderUITests" */;
			buildPhases = (
				D2896F8A1F74CE2D008908E4 /* Sources */,
				D2896F8B1F74CE2D008908E4 /* Frameworks */,
				D2896F8C1F74CE2D008908E4 /* Resources */,
			);
			buildRules = (
			);
			dependencies = (
				D2896F901F74CE2D008908E4 /* PBXTargetDependency */,
			);
			name = bitSpenderUITests;
			productName = bitSpenderUITests;
			productReference = D2896F8E1F74CE2D008908E4 /* bitSpenderUITests.xctest */;
			productType = "com.apple.product-type.bundle.ui-testing";
		};
/* End PBXNativeTarget section */

/* Begin PBXProject section */
		D2896F671F74CE2D008908E4 /* Project object */ = {
			isa = PBXProject;
			attributes = {
				LastSwiftUpdateCheck = 0900;
				LastUpgradeCheck = 0900;
				ORGANIZATIONNAME = Rinson;
				TargetAttributes = {
					D2896F6E1F74CE2D008908E4 = {
						CreatedOnToolsVersion = 9.0;
						ProvisioningStyle = Automatic;
					};
					D2896F821F74CE2D008908E4 = {
						CreatedOnToolsVersion = 9.0;
						ProvisioningStyle = Automatic;
						TestTargetID = D2896F6E1F74CE2D008908E4;
					};
					D2896F8D1F74CE2D008908E4 = {
						CreatedOnToolsVersion = 9.0;
						ProvisioningStyle = Automatic;
						TestTargetID = D2896F6E1F74CE2D008908E4;
					};
				};
			};
			buildConfigurationList = D2896F6A1F74CE2D008908E4 /* Build configuration list for PBXProject "bitSpender" */;
			compatibilityVersion = "Xcode 8.0";
			developmentRegion = en;
			hasScannedForEncodings = 0;
			knownRegions = (
				en,
				Base,
			);
			mainGroup = D2896F661F74CE2D008908E4;
			productRefGroup = D2896F701F74CE2D008908E4 /* Products */;
			projectDirPath = "";
			projectRoot = "";
			targets = (
				D2896F6E1F74CE2D008908E4 /* bitSpender */,
				D2896F821F74CE2D008908E4 /* bitSpenderTests */,
				D2896F8D1F74CE2D008908E4 /* bitSpenderUITests */,
			);
		};
/* End PBXProject section */

/* Begin PBXResourcesBuildPhase section */
		D2896F6D1F74CE2D008908E4 /* Resources */ = {
			isa = PBXResourcesBuildPhase;
			buildActionMask = 2147483647;
			files = (
				D2896F7D1F74CE2D008908E4 /* LaunchScreen.storyboard in Resources */,
				D2896F7A1F74CE2D008908E4 /* Assets.xcassets in Resources */,
				D2896F781F74CE2D008908E4 /* Main.storyboard in Resources */,
				D2896FA31F74D00F008908E4 /* Resources in Resources */,
			);
			runOnlyForDeploymentPostprocessing = 0;
		};
		D2896F811F74CE2D008908E4 /* Resources */ = {
			isa = PBXResourcesBuildPhase;
			buildActionMask = 2147483647;
			files = (
			);
			runOnlyForDeploymentPostprocessing = 0;
		};
		D2896F8C1F74CE2D008908E4 /* Resources */ = {
			isa = PBXResourcesBuildPhase;
			buildActionMask = 2147483647;
			files = (
			);
			runOnlyForDeploymentPostprocessing = 0;
		};
/* End PBXResourcesBuildPhase section */

/* Begin PBXSourcesBuildPhase section */
		D2896F6B1F74CE2D008908E4 /* Sources */ = {
			isa = PBXSourcesBuildPhase;
			buildActionMask = 2147483647;
			files = (
				D2896F751F74CE2D008908E4 /* ViewController.swift in Sources */,
				D2896F731F74CE2D008908E4 /* AppDelegate.swift in Sources */,
			);
			runOnlyForDeploymentPostprocessing = 0;
		};
		D2896F7F1F74CE2D008908E4 /* Sources */ = {
			isa = PBXSourcesBuildPhase;
			buildActionMask = 2147483647;
			files = (
				D2896F881F74CE2D008908E4 /* bitSpenderTests.swift in Sources */,
			);
			runOnlyForDeploymentPostprocessing = 0;
		};
		D2896F8A1F74CE2D008908E4 /* Sources */ = {
			isa = PBXSourcesBuildPhase;
			buildActionMask = 2147483647;
			files = (
				D2896F931F74CE2D008908E4 /* bitSpenderUITests.swift in Sources */,
			);
			runOnlyForDeploymentPostprocessing = 0;
		};
/* End PBXSourcesBuildPhase section */

/* Begin PBXTargetDependency section */
		D2896F851F74CE2D008908E4 /* PBXTargetDependency */ = {
			isa = PBXTargetDependency;
			target = D2896F6E1F74CE2D008908E4 /* bitSpender */;
			targetProxy = D2896F841F74CE2D008908E4 /* PBXContainerItemProxy */;
		};
		D2896F901F74CE2D008908E4 /* PBXTargetDependency */ = {
			isa = PBXTargetDependency;
			target = D2896F6E1F74CE2D008908E4 /* bitSpender */;
			targetProxy = D2896F8F1F74CE2D008908E4 /* PBXContainerItemProxy */;
		};
/* End PBXTargetDependency section */

/* Begin PBXVariantGroup section */
		D2896F761F74CE2D008908E4 /* Main.storyboard */ = {
			isa = PBXVariantGroup;
			children = (
				D2896F771F74CE2D008908E4 /* Base */,
			);
			name = Main.storyboard;
			sourceTree = "<group>";
		};
		D2896F7B1F74CE2D008908E4 /* LaunchScreen.storyboard */ = {
			isa = PBXVariantGroup;
			children = (
				D2896F7C1F74CE2D008908E4 /* Base */,
			);
			name = LaunchScreen.storyboard;
			sourceTree = "<group>";
		};
/* End PBXVariantGroup section */

/* Begin XCBuildConfiguration section */
		D2896F951F74CE2D008908E4 /* Debug */ = {
			isa = XCBuildConfiguration;
			buildSettings = {
				ALWAYS_SEARCH_USER_PATHS = NO;
				CLANG_ANALYZER_NONNULL = YES;
				CLANG_ANALYZER_NUMBER_OBJECT_CONVERSION = YES_AGGRESSIVE;
				CLANG_CXX_LANGUAGE_STANDARD = "gnu++14";
				CLANG_CXX_LIBRARY = "libc++";
				CLANG_ENABLE_MODULES = YES;
				CLANG_ENABLE_OBJC_ARC = YES;
				CLANG_WARN_BLOCK_CAPTURE_AUTORELEASING = YES;
				CLANG_WARN_BOOL_CONVERSION = YES;
				CLANG_WARN_COMMA = YES;
				CLANG_WARN_CONSTANT_CONVERSION = YES;
				CLANG_WARN_DIRECT_OBJC_ISA_USAGE = YES_ERROR;
				CLANG_WARN_DOCUMENTATION_COMMENTS = YES;
				CLANG_WARN_EMPTY_BODY = YES;
				CLANG_WARN_ENUM_CONVERSION = YES;
				CLANG_WARN_INFINITE_RECURSION = YES;
				CLANG_WARN_INT_CONVERSION = YES;
				CLANG_WARN_NON_LITERAL_NULL_CONVERSION = YES;
				CLANG_WARN_OBJC_LITERAL_CONVERSION = YES;
				CLANG_WARN_OBJC_ROOT_CLASS = YES_ERROR;
				CLANG_WARN_RANGE_LOOP_ANALYSIS = YES;
				CLANG_WARN_STRICT_PROTOTYPES = YES;
				CLANG_WARN_SUSPICIOUS_MOVE = YES;
				CLANG_WARN_UNGUARDED_AVAILABILITY = YES_AGGRESSIVE;
				CLANG_WARN_UNREACHABLE_CODE = YES;
				CLANG_WARN__DUPLICATE_METHOD_MATCH = YES;
				CODE_SIGN_IDENTITY = "iPhone Developer";
				COPY_PHASE_STRIP = NO;
				DEBUG_INFORMATION_FORMAT = dwarf;
				ENABLE_STRICT_OBJC_MSGSEND = YES;
				ENABLE_TESTABILITY = YES;
				GCC_C_LANGUAGE_STANDARD = gnu11;
				GCC_DYNAMIC_NO_PIC = NO;
				GCC_NO_COMMON_BLOCKS = YES;
				GCC_OPTIMIZATION_LEVEL = 0;
				GCC_PREPROCESSOR_DEFINITIONS = (
					"DEBUG=1",
					"$(inherited)",
				);
				GCC_WARN_64_TO_32_BIT_CONVERSION = YES;
				GCC_WARN_ABOUT_RETURN_TYPE = YES_ERROR;
				GCC_WARN_UNDECLARED_SELECTOR = YES;
				GCC_WARN_UNINITIALIZED_AUTOS = YES_AGGRESSIVE;
				GCC_WARN_UNUSED_FUNCTION = YES;
				GCC_WARN_UNUSED_VARIABLE = YES;
				IPHONEOS_DEPLOYMENT_TARGET = 11.0;
				MTL_ENABLE_DEBUG_INFO = YES;
				ONLY_ACTIVE_ARCH = YES;
				SDKROOT = iphoneos;
				SWIFT_ACTIVE_COMPILATION_CONDITIONS = DEBUG;
				SWIFT_OPTIMIZATION_LEVEL = "-Onone";
			};
			name = Debug;
		};
		D2896F961F74CE2D008908E4 /* Release */ = {
			isa = XCBuildConfiguration;
			buildSettings = {
				ALWAYS_SEARCH_USER_PATHS = NO;
				CLANG_ANALYZER_NONNULL = YES;
				CLANG_ANALYZER_NUMBER_OBJECT_CONVERSION = YES_AGGRESSIVE;
				CLANG_CXX_LANGUAGE_STANDARD = "gnu++14";
				CLANG_CXX_LIBRARY = "libc++";
				CLANG_ENABLE_MODULES = YES;
				CLANG_ENABLE_OBJC_ARC = YES;
				CLANG_WARN_BLOCK_CAPTURE_AUTORELEASING = YES;
				CLANG_WARN_BOOL_CONVERSION = YES;
				CLANG_WARN_COMMA = YES;
				CLANG_WARN_CONSTANT_CONVERSION = YES;
				CLANG_WARN_DIRECT_OBJC_ISA_USAGE = YES_ERROR;
				CLANG_WARN_DOCUMENTATION_COMMENTS = YES;
				CLANG_WARN_EMPTY_BODY = YES;
				CLANG_WARN_ENUM_CONVERSION = YES;
				CLANG_WARN_INFINITE_RECURSION = YES;
				CLANG_WARN_INT_CONVERSION = YES;
				CLANG_WARN_NON_LITERAL_NULL_CONVERSION = YES;
				CLANG_WARN_OBJC_LITERAL_CONVERSION = YES;
				CLANG_WARN_OBJC_ROOT_CLASS = YES_ERROR;
				CLANG_WARN_RANGE_LOOP_ANALYSIS = YES;
				CLANG_WARN_STRICT_PROTOTYPES = YES;
				CLANG_WARN_SUSPICIOUS_MOVE = YES;
				CLANG_WARN_UNGUARDED_AVAILABILITY = YES_AGGRESSIVE;
				CLANG_WARN_UNREACHABLE_CODE = YES;
				CLANG_WARN__DUPLICATE_METHOD_MATCH = YES;
				CODE_SIGN_IDENTITY = "iPhone Developer";
				COPY_PHASE_STRIP = NO;
				DEBUG_INFORMATION_FORMAT = "dwarf-with-dsym";
				ENABLE_NS_ASSERTIONS = NO;
				ENABLE_STRICT_OBJC_MSGSEND = YES;
				GCC_C_LANGUAGE_STANDARD = gnu11;
				GCC_NO_COMMON_BLOCKS = YES;
				GCC_WARN_64_TO_32_BIT_CONVERSION = YES;
				GCC_WARN_ABOUT_RETURN_TYPE = YES_ERROR;
				GCC_WARN_UNDECLARED_SELECTOR = YES;
				GCC_WARN_UNINITIALIZED_AUTOS = YES_AGGRESSIVE;
				GCC_WARN_UNUSED_FUNCTION = YES;
				GCC_WARN_UNUSED_VARIABLE = YES;
				IPHONEOS_DEPLOYMENT_TARGET = 11.0;
				MTL_ENABLE_DEBUG_INFO = NO;
				SDKROOT = iphoneos;
				SWIFT_OPTIMIZATION_LEVEL = "-Owholemodule";
				VALIDATE_PRODUCT = YES;
			};
			name = Release;
		};
		D2896F981F74CE2D008908E4 /* Debug */ = {
			isa = XCBuildConfiguration;
			buildSettings = {
				ASSETCATALOG_COMPILER_APPICON_NAME = AppIcon;
				ASSETCATALOG_COMPILER_LAUNCHIMAGE_NAME = LaunchImage;
				CODE_SIGN_STYLE = Automatic;
				INFOPLIST_FILE = bitSpender/Info.plist;
				LD_RUNPATH_SEARCH_PATHS = "$(inherited) @executable_path/Frameworks";
				PRODUCT_BUNDLE_IDENTIFIER = com.example..bitSpender;
				PRODUCT_NAME = "$(TARGET_NAME)";
				SWIFT_VERSION = 4.0;
				TARGETED_DEVICE_FAMILY = "1,2";
			};
			name = Debug;
		};
		D2896F991F74CE2D008908E4 /* Release */ = {
			isa = XCBuildConfiguration;
			buildSettings = {
				ASSETCATALOG_COMPILER_APPICON_NAME = AppIcon;
				ASSETCATALOG_COMPILER_LAUNCHIMAGE_NAME = LaunchImage;
				CODE_SIGN_STYLE = Automatic;
				INFOPLIST_FILE = bitSpender/Info.plist;
				LD_RUNPATH_SEARCH_PATHS = "$(inherited) @executable_path/Frameworks";
				PRODUCT_BUNDLE_IDENTIFIER = com.example..bitSpender;
				PRODUCT_NAME = "$(TARGET_NAME)";
				SWIFT_VERSION = 4.0;
				TARGETED_DEVICE_FAMILY = "1,2";
			};
			name = Release;
		};
		D2896F9B1F74CE2D008908E4 /* Debug */ = {
			isa = XCBuildConfiguration;
			buildSettings = {
				ALWAYS_EMBED_SWIFT_STANDARD_LIBRARIES = YES;
				BUNDLE_LOADER = "$(TEST_HOST)";
				CODE_SIGN_STYLE = Automatic;
				INFOPLIST_FILE = bitSpenderTests/Info.plist;
				LD_RUNPATH_SEARCH_PATHS = "$(inherited) @executable_path/Frameworks @loader_path/Frameworks";
				PRODUCT_BUNDLE_IDENTIFIER = com.example..bitSpenderTests;
				PRODUCT_NAME = "$(TARGET_NAME)";
				SWIFT_VERSION = 4.0;
				TARGETED_DEVICE_FAMILY = "1,2";
				TEST_HOST = "$(BUILT_PRODUCTS_DIR)/bitSpender.app/bitSpender";
			};
			name = Debug;
		};
		D2896F9C1F74CE2D008908E4 /* Release */ = {
			isa = XCBuildConfiguration;
			buildSettings = {
				ALWAYS_EMBED_SWIFT_STANDARD_LIBRARIES = YES;
				BUNDLE_LOADER = "$(TEST_HOST)";
				CODE_SIGN_STYLE = Automatic;
				INFOPLIST_FILE = bitSpenderTests/Info.plist;
				LD_RUNPATH_SEARCH_PATHS = "$(inherited) @executable_path/Frameworks @loader_path/Frameworks";
				PRODUCT_BUNDLE_IDENTIFIER = com.example..bitSpenderTests;
				PRODUCT_NAME = "$(TARGET_NAME)";
				SWIFT_VERSION = 4.0;
				TARGETED_DEVICE_FAMILY = "1,2";
				TEST_HOST = "$(BUILT_PRODUCTS_DIR)/bitSpender.app/bitSpender";
			};
			name = Release;
		};
		D2896F9E1F74CE2D008908E4 /* Debug */ = {
			isa = XCBuildConfiguration;
			buildSettings = {
				ALWAYS_EMBED_SWIFT_STANDARD_LIBRARIES = YES;
				CODE_SIGN_STYLE = Automatic;
				INFOPLIST_FILE = bitSpenderUITests/Info.plist;
				LD_RUNPATH_SEARCH_PATHS = "$(inherited) @executable_path/Frameworks @loader_path/Frameworks";
				PRODUCT_BUNDLE_IDENTIFIER = com.example..bitSpenderUITests;
				PRODUCT_NAME = "$(TARGET_NAME)";
				SWIFT_VERSION = 4.0;
				TARGETED_DEVICE_FAMILY = "1,2";
				TEST_TARGET_NAME = bitSpender;
			};
			name = Debug;
		};
		D2896F9F1F74CE2D008908E4 /* Release */ = {
			isa = XCBuildConfiguration;
			buildSettings = {
				ALWAYS_EMBED_SWIFT_STANDARD_LIBRARIES = YES;
				CODE_SIGN_STYLE = Automatic;
				INFOPLIST_FILE = bitSpenderUITests/Info.plist;
				LD_RUNPATH_SEARCH_PATHS = "$(inherited) @executable_path/Frameworks @loader_path/Frameworks";
				PRODUCT_BUNDLE_IDENTIFIER = com.example..bitSpenderUITests;
				PRODUCT_NAME = "$(TARGET_NAME)";
				SWIFT_VERSION = 4.0;
				TARGETED_DEVICE_FAMILY = "1,2";
				TEST_TARGET_NAME = bitSpender;
			};
			name = Release;
		};
/* End XCBuildConfiguration section */

/* Begin XCConfigurationList section */
		D2896F6A1F74CE2D008908E4 /* Build configuration list for PBXProject "bitSpender" */ = {
			isa = XCConfigurationList;
			buildConfigurations = (
				D2896F951F74CE2D008908E4 /* Debug */,
				D2896F961F74CE2D008908E4 /* Release */,
			);
			defaultConfigurationIsVisible = 0;
			defaultConfigurationName = Release;
		};
		D2896F971F74CE2D008908E4 /* Build configuration list for PBXNativeTarget "bitSpender" */ = {
			isa = XCConfigurationList;
			buildConfigurations = (
				D2896F981F74CE2D008908E4 /* Debug */,
				D2896F991F74CE2D008908E4 /* Release */,
			);
			defaultConfigurationIsVisible = 0;
			defaultConfigurationName = Release;
		};
		D2896F9A1F74CE2D008908E4 /* Build configuration list for PBXNativeTarget "bitSpenderTests" */ = {
			isa = XCConfigurationList;
			buildConfigurations = (
				D2896F9B1F74CE2D008908E4 /* Debug */,
				D2896F9C1F74CE2D008908E4 /* Release */,
			);
			defaultConfigurationIsVisible = 0;
			defaultConfigurationName = Release;
		};
		D2896F9D1F74CE2D008908E4 /* Build configuration list for PBXNativeTarget "bitSpenderUITests" */ = {
			isa = XCConfigurationList;
			buildConfigurations = (
				D2896F9E1F74CE2D008908E4 /* Debug */,
				D2896F9F1F74CE2D008908E4 /* Release */,
			);
			defaultConfigurationIsVisible = 0;
			defaultConfigurationName = Release;
		};
/* End XCConfigurationList section */
	};
	rootObject = D2896F671F74CE2D008908E4 /* Project object */;
}
